// !$*UTF8*$!
{
	archiveVersion = 1;
	classes = {
	};
	objectVersion = 50;
	objects = {

/* Begin PBXBuildFile section */
		F4C09D132338BCCC0007489C /* AppDelegate.swift in Sources */ = {isa = PBXBuildFile; fileRef = F4C09D122338BCCC0007489C /* AppDelegate.swift */; };
		F4C09D152338BCCC0007489C /* ViewController.swift in Sources */ = {isa = PBXBuildFile; fileRef = F4C09D142338BCCC0007489C /* ViewController.swift */; };
		F4C09D182338BCCC0007489C /* Main.storyboard in Resources */ = {isa = PBXBuildFile; fileRef = F4C09D162338BCCC0007489C /* Main.storyboard */; };
		F4C09D1B2338BCCC0007489C /* Tasleem.xcdatamodeld in Sources */ = {isa = PBXBuildFile; fileRef = F4C09D192338BCCC0007489C /* Tasleem.xcdatamodeld */; };
		F4C09D1D2338BCCE0007489C /* Assets.xcassets in Resources */ = {isa = PBXBuildFile; fileRef = F4C09D1C2338BCCE0007489C /* Assets.xcassets */; };
		F4C09D202338BCCE0007489C /* LaunchScreen.storyboard in Resources */ = {isa = PBXBuildFile; fileRef = F4C09D1E2338BCCE0007489C /* LaunchScreen.storyboard */; };
/* End PBXBuildFile section */

/* Begin PBXFileReference section */
		F4C09D0F2338BCCC0007489C /* Tasleem.app */ = {isa = PBXFileReference; explicitFileType = wrapper.application; includeInIndex = 0; path = Tasleem.app; sourceTree = BUILT_PRODUCTS_DIR; };
		F4C09D122338BCCC0007489C /* AppDelegate.swift */ = {isa = PBXFileReference; lastKnownFileType = sourcecode.swift; path = AppDelegate.swift; sourceTree = "<group>"; };
		F4C09D142338BCCC0007489C /* ViewController.swift */ = {isa = PBXFileReference; lastKnownFileType = sourcecode.swift; path = ViewController.swift; sourceTree = "<group>"; };
		F4C09D172338BCCC0007489C /* Base */ = {isa = PBXFileReference; lastKnownFileType = file.storyboard; name = Base; path = Base.lproj/Main.storyboard; sourceTree = "<group>"; };
		F4C09D1A2338BCCC0007489C /* Tasleem.xcdatamodel */ = {isa = PBXFileReference; lastKnownFileType = wrapper.xcdatamodel; path = Tasleem.xcdatamodel; sourceTree = "<group>"; };
		F4C09D1C2338BCCE0007489C /* Assets.xcassets */ = {isa = PBXFileReference; lastKnownFileType = folder.assetcatalog; path = Assets.xcassets; sourceTree = "<group>"; };
		F4C09D1F2338BCCE0007489C /* Base */ = {isa = PBXFileReference; lastKnownFileType = file.storyboard; name = Base; path = Base.lproj/LaunchScreen.storyboard; sourceTree = "<group>"; };
		F4C09D212338BCCE0007489C /* Info.plist */ = {isa = PBXFileReference; lastKnownFileType = text.plist.xml; path = Info.plist; sourceTree = "<group>"; };
/* End PBXFileReference section */

/* Begin PBXFrameworksBuildPhase section */
		F4C09D0C2338BCCC0007489C /* Frameworks */ = {
			isa = PBXFrameworksBuildPhase;
			buildActionMask = 2147483647;
			files = (
			);
			runOnlyForDeploymentPostprocessing = 0;
		};
/* End PBXFrameworksBuildPhase section */

/* Begin PBXGroup section */
		F4C09D062338BCCC0007489C = {
			isa = PBXGroup;
			children = (
				F4C09D112338BCCC0007489C /* Tasleem */,
				F4C09D102338BCCC0007489C /* Products */,
			);
			sourceTree = "<group>";
		};
		F4C09D102338BCCC0007489C /* Products */ = {
			isa = PBXGroup;
			children = (
				F4C09D0F2338BCCC0007489C /* Tasleem.app */,
			);
			name = Products;
			sourceTree = "<group>";
		};
		F4C09D112338BCCC0007489C /* Tasleem */ = {
			isa = PBXGroup;
			children = (
				F4C09D122338BCCC0007489C /* AppDelegate.swift */,
				F4C09D142338BCCC0007489C /* ViewController.swift */,
				F4C09D162338BCCC0007489C /* Main.storyboard */,
				F4C09D1C2338BCCE0007489C /* Assets.xcassets */,
				F4C09D1E2338BCCE0007489C /* LaunchScreen.storyboard */,
				F4C09D212338BCCE0007489C /* Info.plist */,
				F4C09D192338BCCC0007489C /* Tasleem.xcdatamodeld */,
			);
			path = Tasleem;
			sourceTree = "<group>";
		};
/* End PBXGroup section */

/* Begin PBXNativeTarget section */
		F4C09D0E2338BCCC0007489C /* Tasleem */ = {
			isa = PBXNativeTarget;
			buildConfigurationList = F4C09D242338BCCE0007489C /* Build configuration list for PBXNativeTarget "Tasleem" */;
			buildPhases = (
				F4C09D0B2338BCCC0007489C /* Sources */,
				F4C09D0C2338BCCC0007489C /* Frameworks */,
				F4C09D0D2338BCCC0007489C /* Resources */,
			);
			buildRules = (
			);
			dependencies = (
			);
			name = Tasleem;
			productName = Tasleem;
			productReference = F4C09D0F2338BCCC0007489C /* Tasleem.app */;
			productType = "com.apple.product-type.application";
		};
/* End PBXNativeTarget section */

/* Begin PBXProject section */
		F4C09D072338BCCC0007489C /* Project object */ = {
			isa = PBXProject;
			attributes = {
				LastSwiftUpdateCheck = 1010;
				LastUpgradeCheck = 1010;
				ORGANIZATIONNAME = Hmo;
				TargetAttributes = {
					F4C09D0E2338BCCC0007489C = {
						CreatedOnToolsVersion = 10.1;
					};
				};
			};
			buildConfigurationList = F4C09D0A2338BCCC0007489C /* Build configuration list for PBXProject "Tasleem" */;
			compatibilityVersion = "Xcode 9.3";
			developmentRegion = en;
			hasScannedForEncodings = 0;
			knownRegions = (
				en,
				Base,
			);
			mainGroup = F4C09D062338BCCC0007489C;
			productRefGroup = F4C09D102338BCCC0007489C /* Products */;
			projectDirPath = "";
			projectRoot = "";
			targets = (
				F4C09D0E2338BCCC0007489C /* Tasleem */,
			);
		};
/* End PBXProject section */

/* Begin PBXResourcesBuildPhase section */
		F4C09D0D2338BCCC0007489C /* Resources */ = {
			isa = PBXResourcesBuildPhase;
			buildActionMask = 2147483647;
			files = (
				F4C09D202338BCCE0007489C /* LaunchScreen.storyboard in Resources */,
				F4C09D1D2338BCCE0007489C /* Assets.xcassets in Resources */,
				F4C09D182338BCCC0007489C /* Main.storyboard in Resources */,
			);
			runOnlyForDeploymentPostprocessing = 0;
		};
/* End PBXResourcesBuildPhase section */

/* Begin PBXSourcesBuildPhase section */
		F4C09D0B2338BCCC0007489C /* Sources */ = {
			isa = PBXSourcesBuildPhase;
			buildActionMask = 2147483647;
			files = (
				F4C09D152338BCCC0007489C /* ViewController.swift in Sources */,
				F4C09D132338BCCC0007489C /* AppDelegate.swift in Sources */,
				F4C09D1B2338BCCC0007489C /* Tasleem.xcdatamodeld in Sources */,
			);
			runOnlyForDeploymentPostprocessing = 0;
		};
/* End PBXSourcesBuildPhase section */

/* Begin PBXVariantGroup section */
		F4C09D162338BCCC0007489C /* Main.storyboard */ = {
			isa = PBXVariantGroup;
			children = (
				F4C09D172338BCCC0007489C /* Base */,
			);
			name = Main.storyboard;
			sourceTree = "<group>";
		};
		F4C09D1E2338BCCE0007489C /* LaunchScreen.storyboard */ = {
			isa = PBXVariantGroup;
			children = (
				F4C09D1F2338BCCE0007489C /* Base */,
			);
			name = LaunchScreen.storyboard;
			sourceTree = "<group>";
		};
/* End PBXVariantGroup section */

/* Begin XCBuildConfiguration section */
		F4C09D222338BCCE0007489C /* Debug */ = {
			isa = XCBuildConfiguration;
			buildSettings = {
				ALWAYS_SEARCH_USER_PATHS = NO;
				CLANG_ANALYZER_NONNULL = YES;
				CLANG_ANALYZER_NUMBER_OBJECT_CONVERSION = YES_AGGRESSIVE;
				CLANG_CXX_LANGUAGE_STANDARD = "gnu++14";
				CLANG_CXX_LIBRARY = "libc++";
				CLANG_ENABLE_MODULES = YES;
				CLANG_ENABLE_OBJC_ARC = YES;
				CLANG_ENABLE_OBJC_WEAK = YES;
				CLANG_WARN_BLOCK_CAPTURE_AUTORELEASING = YES;
				CLANG_WARN_BOOL_CONVERSION = YES;
				CLANG_WARN_COMMA = YES;
				CLANG_WARN_CONSTANT_CONVERSION = YES;
				CLANG_WARN_DEPRECATED_OBJC_IMPLEMENTATIONS = YES;
				CLANG_WARN_DIRECT_OBJC_ISA_USAGE = YES_ERROR;
				CLANG_WARN_DOCUMENTATION_COMMENTS = YES;
				CLANG_WARN_EMPTY_BODY = YES;
				CLANG_WARN_ENUM_CONVERSION = YES;
				CLANG_WARN_INFINITE_RECURSION = YES;
				CLANG_WARN_INT_CONVERSION = YES;
				CLANG_WARN_NON_LITERAL_NULL_CONVERSION = YES;
				CLANG_WARN_OBJC_IMPLICIT_RETAIN_SELF = YES;
				CLANG_WARN_OBJC_LITERAL_CONVERSION = YES;
				CLANG_WARN_OBJC_ROOT_CLASS = YES_ERROR;
				CLANG_WARN_RANGE_LOOP_ANALYSIS = YES;
				CLANG_WARN_STRICT_PROTOTYPES = YES;
				CLANG_WARN_SUSPICIOUS_MOVE = YES;
				CLANG_WARN_UNGUARDED_AVAILABILITY = YES_AGGRESSIVE;
				CLANG_WARN_UNREACHABLE_CODE = YES;
				CLANG_WARN__DUPLICATE_METHOD_MATCH = YES;
				CODE_SIGN_IDENTITY = "iPhone Developer";
				COPY_PHASE_STRIP = NO;
				DEBUG_INFORMATION_FORMAT = dwarf;
				ENABLE_STRICT_OBJC_MSGSEND = YES;
				ENABLE_TESTABILITY = YES;
				GCC_C_LANGUAGE_STANDARD = gnu11;
				GCC_DYNAMIC_NO_PIC = NO;
				GCC_NO_COMMON_BLOCKS = YES;
				GCC_OPTIMIZATION_LEVEL = 0;
				GCC_PREPROCESSOR_DEFINITIONS = (
					"DEBUG=1",
					"$(inherited)",
				);
				GCC_WARN_64_TO_32_BIT_CONVERSION = YES;
				GCC_WARN_ABOUT_RETURN_TYPE = YES_ERROR;
				GCC_WARN_UNDECLARED_SELECTOR = YES;
				GCC_WARN_UNINITIALIZED_AUTOS = YES_AGGRESSIVE;
				GCC_WARN_UNUSED_FUNCTION = YES;
				GCC_WARN_UNUSED_VARIABLE = YES;
				IPHONEOS_DEPLOYMENT_TARGET = 12.1;
				MTL_ENABLE_DEBUG_INFO = INCLUDE_SOURCE;
				MTL_FAST_MATH = YES;
				ONLY_ACTIVE_ARCH = YES;
				SDKROOT = iphoneos;
				SWIFT_ACTIVE_COMPILATION_CONDITIONS = DEBUG;
				SWIFT_OPTIMIZATION_LEVEL = "-Onone";
			};
			name = Debug;
		};
		F4C09D232338BCCE0007489C /* Release */ = {
			isa = XCBuildConfiguration;
			buildSettings = {
				ALWAYS_SEARCH_USER_PATHS = NO;
				CLANG_ANALYZER_NONNULL = YES;
				CLANG_ANALYZER_NUMBER_OBJECT_CONVERSION = YES_AGGRESSIVE;
				CLANG_CXX_LANGUAGE_STANDARD = "gnu++14";
				CLANG_CXX_LIBRARY = "libc++";
				CLANG_ENABLE_MODULES = YES;
				CLANG_ENABLE_OBJC_ARC = YES;
				CLANG_ENABLE_OBJC_WEAK = YES;
				CLANG_WARN_BLOCK_CAPTURE_AUTORELEASING = YES;
				CLANG_WARN_BOOL_CONVERSION = YES;
				CLANG_WARN_COMMA = YES;
				CLANG_WARN_CONSTANT_CONVERSION = YES;
				CLANG_WARN_DEPRECATED_OBJC_IMPLEMENTATIONS = YES;
				CLANG_WARN_DIRECT_OBJC_ISA_USAGE = YES_ERROR;
				CLANG_WARN_DOCUMENTATION_COMMENTS = YES;
				CLANG_WARN_EMPTY_BODY = YES;
				CLANG_WARN_ENUM_CONVERSION = YES;
				CLANG_WARN_INFINITE_RECURSION = YES;
				CLANG_WARN_INT_CONVERSION = YES;
				CLANG_WARN_NON_LITERAL_NULL_CONVERSION = YES;
				CLANG_WARN_OBJC_IMPLICIT_RETAIN_SELF = YES;
				CLANG_WARN_OBJC_LITERAL_CONVERSION = YES;
				CLANG_WARN_OBJC_ROOT_CLASS = YES_ERROR;
				CLANG_WARN_RANGE_LOOP_ANALYSIS = YES;
				CLANG_WARN_STRICT_PROTOTYPES = YES;
				CLANG_WARN_SUSPICIOUS_MOVE = YES;
				CLANG_WARN_UNGUARDED_AVAILABILITY = YES_AGGRESSIVE;
				CLANG_WARN_UNREACHABLE_CODE = YES;
				CLANG_WARN__DUPLICATE_METHOD_MATCH = YES;
				CODE_SIGN_IDENTITY = "iPhone Developer";
				COPY_PHASE_STRIP = NO;
				DEBUG_INFORMATION_FORMAT = "dwarf-with-dsym";
				ENABLE_NS_ASSERTIONS = NO;
				ENABLE_STRICT_OBJC_MSGSEND = YES;
				GCC_C_LANGUAGE_STANDARD = gnu11;
				GCC_NO_COMMON_BLOCKS = YES;
				GCC_WARN_64_TO_32_BIT_CONVERSION = YES;
				GCC_WARN_ABOUT_RETURN_TYPE = YES_ERROR;
				GCC_WARN_UNDECLARED_SELECTOR = YES;
				GCC_WARN_UNINITIALIZED_AUTOS = YES_AGGRESSIVE;
				GCC_WARN_UNUSED_FUNCTION = YES;
				GCC_WARN_UNUSED_VARIABLE = YES;
				IPHONEOS_DEPLOYMENT_TARGET = 12.1;
				MTL_ENABLE_DEBUG_INFO = NO;
				MTL_FAST_MATH = YES;
				SDKROOT = iphoneos;
				SWIFT_COMPILATION_MODE = wholemodule;
				SWIFT_OPTIMIZATION_LEVEL = "-O";
				VALIDATE_PRODUCT = YES;
			};
			name = Release;
		};
		F4C09D252338BCCE0007489C /* Debug */ = {
			isa = XCBuildConfiguration;
			buildSettings = {
				ASSETCATALOG_COMPILER_APPICON_NAME = AppIcon;
				CODE_SIGN_STYLE = Automatic;
				INFOPLIST_FILE = Tasleem/Info.plist;
				LD_RUNPATH_SEARCH_PATHS = (
					"$(inherited)",
					"@executable_path/Frameworks",
				);
				PRODUCT_BUNDLE_IDENTIFIER = Hmo.Tasleem;
				PRODUCT_NAME = "$(TARGET_NAME)";
				SWIFT_VERSION = 4.2;
				TARGETED_DEVICE_FAMILY = "1,2";
			};
			name = Debug;
		};
		F4C09D262338BCCE0007489C /* Release */ = {
			isa = XCBuildConfiguration;
			buildSettings = {
				ASSETCATALOG_COMPILER_APPICON_NAME = AppIcon;
				CODE_SIGN_STYLE = Automatic;
				INFOPLIST_FILE = Tasleem/Info.plist;
				LD_RUNPATH_SEARCH_PATHS = (
					"$(inherited)",
					"@executable_path/Frameworks",
				);
				PRODUCT_BUNDLE_IDENTIFIER = Hmo.Tasleem;
				PRODUCT_NAME = "$(TARGET_NAME)";
				SWIFT_VERSION = 4.2;
				TARGETED_DEVICE_FAMILY = "1,2";
			};
			name = Release;
		};
/* End XCBuildConfiguration section */

/* Begin XCConfigurationList section */
		F4C09D0A2338BCCC0007489C /* Build configuration list for PBXProject "Tasleem" */ = {
			isa = XCConfigurationList;
			buildConfigurations = (
				F4C09D222338BCCE0007489C /* Debug */,
				F4C09D232338BCCE0007489C /* Release */,
			);
			defaultConfigurationIsVisible = 0;
			defaultConfigurationName = Release;
		};
		F4C09D242338BCCE0007489C /* Build configuration list for PBXNativeTarget "Tasleem" */ = {
			isa = XCConfigurationList;
			buildConfigurations = (
				F4C09D252338BCCE0007489C /* Debug */,
				F4C09D262338BCCE0007489C /* Release */,
			);
			defaultConfigurationIsVisible = 0;
			defaultConfigurationName = Release;
		};
/* End XCConfigurationList section */

/* Begin XCVersionGroup section */
		F4C09D192338BCCC0007489C /* Tasleem.xcdatamodeld */ = {
			isa = XCVersionGroup;
			children = (
				F4C09D1A2338BCCC0007489C /* Tasleem.xcdatamodel */,
			);
			currentVersion = F4C09D1A2338BCCC0007489C /* Tasleem.xcdatamodel */;
			path = Tasleem.xcdatamodeld;
			sourceTree = "<group>";
			versionGroupType = wrapper.xcdatamodel;
		};
/* End XCVersionGroup section */
	};
	rootObject = F4C09D072338BCCC0007489C /* Project object */;
}
